# This file is autogenerated, do not edit; changes may be undone by the next 'dep ensure'.


[[projects]]
  name = "github.com/davecgh/go-spew"
  packages = ["spew"]
  revision = "346938d642f2ec3594ed81d874461961cd0faa76"
  version = "v1.1.0"

[[projects]]
  name = "github.com/go-chi/chi"
  packages = ["."]
  revision = "e83ac2304db3c50cf03d96a2fcd39009d458bc35"
  version = "v3.3.2"

[[projects]]
  name = "github.com/go-redis/redis"
  packages = [
    ".",
    "internal",
    "internal/consistenthash",
    "internal/hashtag",
    "internal/pool",
    "internal/proto",
    "internal/singleflight",
    "internal/util"
  ]
  revision = "0f9028adf0837cf93c9705817493e5f6997cf026"
  version = "v6.11.0"

[[projects]]
  name = "github.com/kelseyhightower/envconfig"
  packages = ["."]
  revision = "f611eb38b3875cc3bd991ca91c51d06446afa14c"
  version = "v1.3.0"

[[projects]]
  name = "github.com/pmezard/go-difflib"
  packages = ["difflib"]
  revision = "792786c7400a136282c1664665ae0a8db921c6c2"
  version = "v1.0.0"

[[projects]]
  name = "github.com/stretchr/testify"
  packages = ["assert"]
  revision = "12b6f73e6084dad08a7c6e575284b177ecafbc71"
  version = "v1.2.1"

[solve-meta]
  analyzer-name = "dep"
  analyzer-version = 1
  inputs-digest = "339c18a20a788e7d7b12ec0a86e7e64d2aecfaa114219e298fdccb84c055654e"
  solver-name = "gps-cdcl"
  solver-version = 1
